
Microsoft Visual Studio Solution File, Format Version 12.00
# Visual Studio Version 16
VisualStudioVersion = 16.0.32602.291
MinimumVisualStudioVersion = 10.0.40219.1
Project("{8BC9CEB8-8B4A-11D0-8D11-00A0C91BC942}") = "数组与扫雷游戏", "数组与扫雷游戏\数组与扫雷游戏.vcxproj", "{700D8AE6-65DD-4B1F-AABF-E422C29AEFCD}"
EndProject
Global
	GlobalSection(SolutionConfigurationPlatforms) = preSolution
		Debug|x64 = Debug|x64
		Debug|x86 = Debug|x86
		Release|x64 = Release|x64
		Release|x86 = Release|x86
	EndGlobalSection
	GlobalSection(ProjectConfigurationPlatforms) = postSolution
		{700D8AE6-65DD-4B1F-AABF-E422C29AEFCD}.Debug|x64.ActiveCfg = Debug|x64
		{700D8AE6-65DD-4B1F-AABF-E422C29AEFCD}.Debug|x64.Build.0 = Debug|x64
		{700D8AE6-65DD-4B1F-AABF-E422C29AEFCD}.Debug|x86.ActiveCfg = Debug|Win32
		{700D8AE6-65DD-4B1F-AABF-E422C29AEFCD}.Debug|x86.Build.0 = Debug|Win32
		{700D8AE6-65DD-4B1F-AABF-E422C29AEFCD}.Release|x64.ActiveCfg = Release|x64
		{700D8AE6-65DD-4B1F-AABF-E422C29AEFCD}.Release|x64.Build.0 = Release|x64
		{700D8AE6-65DD-4B1F-AABF-E422C29AEFCD}.Release|x86.ActiveCfg = Release|Win32
		{700D8AE6-65DD-4B1F-AABF-E422C29AEFCD}.Release|x86.Build.0 = Release|Win32
	EndGlobalSection
	GlobalSection(SolutionProperties) = preSolution
		HideSolutionNode = FALSE
	EndGlobalSection
	GlobalSection(ExtensibilityGlobals) = postSolution
		SolutionGuid = {3A198D30-0B71-4B9F-8B52-ECF43E1F9074}
	EndGlobalSection
EndGlobal
