
Microsoft Visual Studio Solution File, Format Version 12.00
# Visual Studio Version 16
VisualStudioVersion = 16.0.32602.291
MinimumVisualStudioVersion = 10.0.40219.1
Project("{8BC9CEB8-8B4A-11D0-8D11-00A0C91BC942}") = "0815-homework-my_strcpy", "0815-homework-my_strcpy\0815-homework-my_strcpy.vcxproj", "{B54D9BA8-2998-46F5-B3E6-5540AB234090}"
EndProject
Global
	GlobalSection(SolutionConfigurationPlatforms) = preSolution
		Debug|x64 = Debug|x64
		Debug|x86 = Debug|x86
		Release|x64 = Release|x64
		Release|x86 = Release|x86
	EndGlobalSection
	GlobalSection(ProjectConfigurationPlatforms) = postSolution
		{B54D9BA8-2998-46F5-B3E6-5540AB234090}.Debug|x64.ActiveCfg = Debug|x64
		{B54D9BA8-2998-46F5-B3E6-5540AB234090}.Debug|x64.Build.0 = Debug|x64
		{B54D9BA8-2998-46F5-B3E6-5540AB234090}.Debug|x86.ActiveCfg = Debug|Win32
		{B54D9BA8-2998-46F5-B3E6-5540AB234090}.Debug|x86.Build.0 = Debug|Win32
		{B54D9BA8-2998-46F5-B3E6-5540AB234090}.Release|x64.ActiveCfg = Release|x64
		{B54D9BA8-2998-46F5-B3E6-5540AB234090}.Release|x64.Build.0 = Release|x64
		{B54D9BA8-2998-46F5-B3E6-5540AB234090}.Release|x86.ActiveCfg = Release|Win32
		{B54D9BA8-2998-46F5-B3E6-5540AB234090}.Release|x86.Build.0 = Release|Win32
	EndGlobalSection
	GlobalSection(SolutionProperties) = preSolution
		HideSolutionNode = FALSE
	EndGlobalSection
	GlobalSection(ExtensibilityGlobals) = postSolution
		SolutionGuid = {711FCBBA-F311-4948-8724-707E7FBFC1D2}
	EndGlobalSection
EndGlobal
